
Microsoft Visual Studio Solution File, Format Version 12.00
# Visual Studio 15
VisualStudioVersion = 15.0.28307.1972
MinimumVisualStudioVersion = 10.0.40219.1
Project("{8BC9CEB8-8B4A-11D0-8D11-00A0C91BC942}") = "Matrix_Multiplication", "Matrix_Multiplication\Matrix_Multiplication.vcxproj", "{1A2A7DA2-6BC9-47F3-9A35-98CAE1BA6091}"
EndProject
Global
	GlobalSection(SolutionConfigurationPlatforms) = preSolution
		Debug|x64 = Debug|x64
		Debug|x86 = Debug|x86
		Release|x64 = Release|x64
		Release|x86 = Release|x86
	EndGlobalSection
	GlobalSection(ProjectConfigurationPlatforms) = postSolution
		{1A2A7DA2-6BC9-47F3-9A35-98CAE1BA6091}.Debug|x64.ActiveCfg = Debug|x64
		{1A2A7DA2-6BC9-47F3-9A35-98CAE1BA6091}.Debug|x64.Build.0 = Debug|x64
		{1A2A7DA2-6BC9-47F3-9A35-98CAE1BA6091}.Debug|x86.ActiveCfg = Debug|Win32
		{1A2A7DA2-6BC9-47F3-9A35-98CAE1BA6091}.Debug|x86.Build.0 = Debug|Win32
		{1A2A7DA2-6BC9-47F3-9A35-98CAE1BA6091}.Release|x64.ActiveCfg = Release|x64
		{1A2A7DA2-6BC9-47F3-9A35-98CAE1BA6091}.Release|x64.Build.0 = Release|x64
		{1A2A7DA2-6BC9-47F3-9A35-98CAE1BA6091}.Release|x86.ActiveCfg = Release|Win32
		{1A2A7DA2-6BC9-47F3-9A35-98CAE1BA6091}.Release|x86.Build.0 = Release|Win32
	EndGlobalSection
	GlobalSection(SolutionProperties) = preSolution
		HideSolutionNode = FALSE
	EndGlobalSection
	GlobalSection(ExtensibilityGlobals) = postSolution
		SolutionGuid = {9B2D1FB6-DDA3-4A16-AC71-DF4228067D96}
	EndGlobalSection
EndGlobal
